
Microsoft Visual Studio Solution File, Format Version 12.00
# Visual Studio Version 17
VisualStudioVersion = 17.3.32929.385
MinimumVisualStudioVersion = 10.0.40219.1
Project("{FAE04EC0-301F-11D3-BF4B-00C04F79EFBC}") = "RankingApp", "RankingApp.csproj", "{7F29FBC4-EBFA-44DF-ADFA-E8E7130C7570}"
EndProject
Global
	GlobalSection(SolutionConfigurationPlatforms) = preSolution
		Debug|Any CPU = Debug|Any CPU
		Release|Any CPU = Release|Any CPU
	EndGlobalSection
	GlobalSection(ProjectConfigurationPlatforms) = postSolution
		{7F29FBC4-EBFA-44DF-ADFA-E8E7130C7570}.Debug|Any CPU.ActiveCfg = Debug|Any CPU
		{7F29FBC4-EBFA-44DF-ADFA-E8E7130C7570}.Debug|Any CPU.Build.0 = Debug|Any CPU
		{7F29FBC4-EBFA-44DF-ADFA-E8E7130C7570}.Release|Any CPU.ActiveCfg = Release|Any CPU
		{7F29FBC4-EBFA-44DF-ADFA-E8E7130C7570}.Release|Any CPU.Build.0 = Release|Any CPU
	EndGlobalSection
	GlobalSection(SolutionProperties) = preSolution
		HideSolutionNode = FALSE
	EndGlobalSection
	GlobalSection(ExtensibilityGlobals) = postSolution
		SolutionGuid = {7E71C594-93B8-4513-BF73-514F919BCD05}
	EndGlobalSection
EndGlobal
